
Microsoft Visual Studio Solution File, Format Version 12.00
# Visual Studio Version 16
VisualStudioVersion = 16.0.29411.108
MinimumVisualStudioVersion = 10.0.40219.1
Project("{FAE04EC0-301F-11D3-BF4B-00C04F79EFBC}") = "WpfNetCore", "WpfNetCore.csproj", "{CC959463-8799-489B-82FB-D41AD05BD7F0}"
EndProject
Global
	GlobalSection(SolutionConfigurationPlatforms) = preSolution
		Debug|Any CPU = Debug|Any CPU
		Release|Any CPU = Release|Any CPU
	EndGlobalSection
	GlobalSection(ProjectConfigurationPlatforms) = postSolution
		{CC959463-8799-489B-82FB-D41AD05BD7F0}.Debug|Any CPU.ActiveCfg = Debug|Any CPU
		{CC959463-8799-489B-82FB-D41AD05BD7F0}.Debug|Any CPU.Build.0 = Debug|Any CPU
		{CC959463-8799-489B-82FB-D41AD05BD7F0}.Release|Any CPU.ActiveCfg = Release|Any CPU
		{CC959463-8799-489B-82FB-D41AD05BD7F0}.Release|Any CPU.Build.0 = Release|Any CPU
	EndGlobalSection
	GlobalSection(SolutionProperties) = preSolution
		HideSolutionNode = FALSE
	EndGlobalSection
	GlobalSection(ExtensibilityGlobals) = postSolution
		SolutionGuid = {598D315C-2499-46A6-B0A0-B2B184B07DC1}
	EndGlobalSection
EndGlobal
